// !$*UTF8*$!
{
	archiveVersion = 1;
	classes = {
	};
	objectVersion = 51;
	objects = {

/* Begin PBXBuildFile section */
		03689FEB236C9F99008748D4 /* ImageCollectionViewCell.swift in Sources */ = {isa = PBXBuildFile; fileRef = 03689FEA236C9F99008748D4 /* ImageCollectionViewCell.swift */; };
		03689FED236CAEFC008748D4 /* FileSeparator.swift in Sources */ = {isa = PBXBuildFile; fileRef = 03689FEC236CAEFC008748D4 /* FileSeparator.swift */; };
		03689FEF236CB9D2008748D4 /* KingFisherWrapper.swift in Sources */ = {isa = PBXBuildFile; fileRef = 03689FEE236CB9D2008748D4 /* KingFisherWrapper.swift */; };
		03689FF2236DD258008748D4 /* MJRefreshWrapper.swift in Sources */ = {isa = PBXBuildFile; fileRef = 03689FF1236DD258008748D4 /* MJRefreshWrapper.swift */; };
		03689FF8236ECECA008748D4 /* DetailView.swift in Sources */ = {isa = PBXBuildFile; fileRef = 03689FF7236ECECA008748D4 /* DetailView.swift */; };
		03689FFA236ED3D1008748D4 /* UIViewController+Extension.swift in Sources */ = {isa = PBXBuildFile; fileRef = 03689FF9236ED3D1008748D4 /* UIViewController+Extension.swift */; };
		03689FFC236ED801008748D4 /* DetailTableViewCell.swift in Sources */ = {isa = PBXBuildFile; fileRef = 03689FFB236ED801008748D4 /* DetailTableViewCell.swift */; };
		03689FFE236EEFDD008748D4 /* DetailTableView.swift in Sources */ = {isa = PBXBuildFile; fileRef = 03689FFD236EEFDD008748D4 /* DetailTableView.swift */; };
		037C867B23691FDE0095AF57 /* AppDelegate.swift in Sources */ = {isa = PBXBuildFile; fileRef = 037C867A23691FDE0095AF57 /* AppDelegate.swift */; };
		037C867D23691FDE0095AF57 /* SceneDelegate.swift in Sources */ = {isa = PBXBuildFile; fileRef = 037C867C23691FDE0095AF57 /* SceneDelegate.swift */; };
		037C868223691FDE0095AF57 /* Main.storyboard in Resources */ = {isa = PBXBuildFile; fileRef = 037C868023691FDE0095AF57 /* Main.storyboard */; };
		037C868423691FDF0095AF57 /* Assets.xcassets in Resources */ = {isa = PBXBuildFile; fileRef = 037C868323691FDF0095AF57 /* Assets.xcassets */; };
		037C868723691FDF0095AF57 /* LaunchScreen.storyboard in Resources */ = {isa = PBXBuildFile; fileRef = 037C868523691FDF0095AF57 /* LaunchScreen.storyboard */; };
		037C869223691FDF0095AF57 /* TravelstartInterviewTests.swift in Sources */ = {isa = PBXBuildFile; fileRef = 037C869123691FDF0095AF57 /* TravelstartInterviewTests.swift */; };
		037C869D2369209C0095AF57 /* LobbyViewController.swift in Sources */ = {isa = PBXBuildFile; fileRef = 037C869C2369209C0095AF57 /* LobbyViewController.swift */; };
		037C86A0236920BD0095AF57 /* DetailViewController.swift in Sources */ = {isa = PBXBuildFile; fileRef = 037C869F236920BD0095AF57 /* DetailViewController.swift */; };
		037C86A3236922320095AF57 /* DataManager.swift in Sources */ = {isa = PBXBuildFile; fileRef = 037C86A2236922320095AF57 /* DataManager.swift */; };
		037C86A52369303B0095AF57 /* HTTPClient.swift in Sources */ = {isa = PBXBuildFile; fileRef = 037C86A42369303B0095AF57 /* HTTPClient.swift */; };
		037C86A7236C1CE20095AF57 /* Bundle+Extension.swift in Sources */ = {isa = PBXBuildFile; fileRef = 037C86A6236C1CE20095AF57 /* Bundle+Extension.swift */; };
		037C86A9236C1FCF0095AF57 /* DataObject.swift in Sources */ = {isa = PBXBuildFile; fileRef = 037C86A8236C1FCF0095AF57 /* DataObject.swift */; };
		037C86AC236C2BCD0095AF57 /* LobbyView.swift in Sources */ = {isa = PBXBuildFile; fileRef = 037C86AB236C2BCD0095AF57 /* LobbyView.swift */; };
		03FF1867236C3A1C000E700C /* LobbyTableViewCell.swift in Sources */ = {isa = PBXBuildFile; fileRef = 03FF1866236C3A1C000E700C /* LobbyTableViewCell.swift */; };
		03FFFA3423713BB70063EDC7 /* NetworkHelper.swift in Sources */ = {isa = PBXBuildFile; fileRef = 03FFFA3323713BB70063EDC7 /* NetworkHelper.swift */; };
		53E731687B4305D7DC5B7BC0 /* Pods_TravelstartInterviewTests.framework in Frameworks */ = {isa = PBXBuildFile; fileRef = 875426678285C69B5A9D16A8 /* Pods_TravelstartInterviewTests.framework */; };
		C18CDDB7F32DFD535684B5CC /* Pods_TravelstartInterview.framework in Frameworks */ = {isa = PBXBuildFile; fileRef = AE608FA403F6E1CC35994C69 /* Pods_TravelstartInterview.framework */; };
/* End PBXBuildFile section */

/* Begin PBXContainerItemProxy section */
		037C868E23691FDF0095AF57 /* PBXContainerItemProxy */ = {
			isa = PBXContainerItemProxy;
			containerPortal = 037C866F23691FDE0095AF57 /* Project object */;
			proxyType = 1;
			remoteGlobalIDString = 037C867623691FDE0095AF57;
			remoteInfo = TravelstartInterview;
		};
/* End PBXContainerItemProxy section */

/* Begin PBXFileReference section */
		03689FEA236C9F99008748D4 /* ImageCollectionViewCell.swift */ = {isa = PBXFileReference; lastKnownFileType = sourcecode.swift; path = ImageCollectionViewCell.swift; sourceTree = "<group>"; };
		03689FEC236CAEFC008748D4 /* FileSeparator.swift */ = {isa = PBXFileReference; lastKnownFileType = sourcecode.swift; path = FileSeparator.swift; sourceTree = "<group>"; };
		03689FEE236CB9D2008748D4 /* KingFisherWrapper.swift */ = {isa = PBXFileReference; lastKnownFileType = sourcecode.swift; path = KingFisherWrapper.swift; sourceTree = "<group>"; };
		03689FF1236DD258008748D4 /* MJRefreshWrapper.swift */ = {isa = PBXFileReference; lastKnownFileType = sourcecode.swift; path = MJRefreshWrapper.swift; sourceTree = "<group>"; };
		03689FF7236ECECA008748D4 /* DetailView.swift */ = {isa = PBXFileReference; lastKnownFileType = sourcecode.swift; path = DetailView.swift; sourceTree = "<group>"; };
		03689FF9236ED3D1008748D4 /* UIViewController+Extension.swift */ = {isa = PBXFileReference; lastKnownFileType = sourcecode.swift; path = "UIViewController+Extension.swift"; sourceTree = "<group>"; };
		03689FFB236ED801008748D4 /* DetailTableViewCell.swift */ = {isa = PBXFileReference; lastKnownFileType = sourcecode.swift; path = DetailTableViewCell.swift; sourceTree = "<group>"; };
		03689FFD236EEFDD008748D4 /* DetailTableView.swift */ = {isa = PBXFileReference; lastKnownFileType = sourcecode.swift; path = DetailTableView.swift; sourceTree = "<group>"; };
		037C867723691FDE0095AF57 /* TravelstartInterview.app */ = {isa = PBXFileReference; explicitFileType = wrapper.application; includeInIndex = 0; path = TravelstartInterview.app; sourceTree = BUILT_PRODUCTS_DIR; };
		037C867A23691FDE0095AF57 /* AppDelegate.swift */ = {isa = PBXFileReference; lastKnownFileType = sourcecode.swift; path = AppDelegate.swift; sourceTree = "<group>"; };
		037C867C23691FDE0095AF57 /* SceneDelegate.swift */ = {isa = PBXFileReference; lastKnownFileType = sourcecode.swift; path = SceneDelegate.swift; sourceTree = "<group>"; };
		037C868123691FDE0095AF57 /* Base */ = {isa = PBXFileReference; lastKnownFileType = file.storyboard; name = Base; path = Base.lproj/Main.storyboard; sourceTree = "<group>"; };
		037C868323691FDF0095AF57 /* Assets.xcassets */ = {isa = PBXFileReference; lastKnownFileType = folder.assetcatalog; path = Assets.xcassets; sourceTree = "<group>"; };
		037C868623691FDF0095AF57 /* Base */ = {isa = PBXFileReference; lastKnownFileType = file.storyboard; name = Base; path = Base.lproj/LaunchScreen.storyboard; sourceTree = "<group>"; };
		037C868823691FDF0095AF57 /* Info.plist */ = {isa = PBXFileReference; lastKnownFileType = text.plist.xml; path = Info.plist; sourceTree = "<group>"; };
		037C868D23691FDF0095AF57 /* TravelstartInterviewTests.xctest */ = {isa = PBXFileReference; explicitFileType = wrapper.cfbundle; includeInIndex = 0; path = TravelstartInterviewTests.xctest; sourceTree = BUILT_PRODUCTS_DIR; };
		037C869123691FDF0095AF57 /* TravelstartInterviewTests.swift */ = {isa = PBXFileReference; lastKnownFileType = sourcecode.swift; path = TravelstartInterviewTests.swift; sourceTree = "<group>"; };
		037C869323691FDF0095AF57 /* Info.plist */ = {isa = PBXFileReference; lastKnownFileType = text.plist.xml; path = Info.plist; sourceTree = "<group>"; };
		037C869C2369209C0095AF57 /* LobbyViewController.swift */ = {isa = PBXFileReference; lastKnownFileType = sourcecode.swift; path = LobbyViewController.swift; sourceTree = "<group>"; };
		037C869F236920BD0095AF57 /* DetailViewController.swift */ = {isa = PBXFileReference; lastKnownFileType = sourcecode.swift; path = DetailViewController.swift; sourceTree = "<group>"; };
		037C86A2236922320095AF57 /* DataManager.swift */ = {isa = PBXFileReference; lastKnownFileType = sourcecode.swift; path = DataManager.swift; sourceTree = "<group>"; };
		037C86A42369303B0095AF57 /* HTTPClient.swift */ = {isa = PBXFileReference; lastKnownFileType = sourcecode.swift; path = HTTPClient.swift; sourceTree = "<group>"; };
		037C86A6236C1CE20095AF57 /* Bundle+Extension.swift */ = {isa = PBXFileReference; lastKnownFileType = sourcecode.swift; path = "Bundle+Extension.swift"; sourceTree = "<group>"; };
		037C86A8236C1FCF0095AF57 /* DataObject.swift */ = {isa = PBXFileReference; lastKnownFileType = sourcecode.swift; path = DataObject.swift; sourceTree = "<group>"; };
		037C86AB236C2BCD0095AF57 /* LobbyView.swift */ = {isa = PBXFileReference; lastKnownFileType = sourcecode.swift; path = LobbyView.swift; sourceTree = "<group>"; };
		03FF1866236C3A1C000E700C /* LobbyTableViewCell.swift */ = {isa = PBXFileReference; lastKnownFileType = sourcecode.swift; path = LobbyTableViewCell.swift; sourceTree = "<group>"; };
		03FFFA3323713BB70063EDC7 /* NetworkHelper.swift */ = {isa = PBXFileReference; lastKnownFileType = sourcecode.swift; path = NetworkHelper.swift; sourceTree = "<group>"; };
		12B38324A5AB2EBD4AE2BBEC /* Pods-TravelstartInterview.debug.xcconfig */ = {isa = PBXFileReference; includeInIndex = 1; lastKnownFileType = text.xcconfig; name = "Pods-TravelstartInterview.debug.xcconfig"; path = "Target Support Files/Pods-TravelstartInterview/Pods-TravelstartInterview.debug.xcconfig"; sourceTree = "<group>"; };
		875426678285C69B5A9D16A8 /* Pods_TravelstartInterviewTests.framework */ = {isa = PBXFileReference; explicitFileType = wrapper.framework; includeInIndex = 0; path = Pods_TravelstartInterviewTests.framework; sourceTree = BUILT_PRODUCTS_DIR; };
		99D0551F9880F5DF4F4F246E /* Pods-TravelstartInterview.release.xcconfig */ = {isa = PBXFileReference; includeInIndex = 1; lastKnownFileType = text.xcconfig; name = "Pods-TravelstartInterview.release.xcconfig"; path = "Target Support Files/Pods-TravelstartInterview/Pods-TravelstartInterview.release.xcconfig"; sourceTree = "<group>"; };
		9C685D4DACC69737C0D38186 /* Pods-TravelstartInterviewTests.release.xcconfig */ = {isa = PBXFileReference; includeInIndex = 1; lastKnownFileType = text.xcconfig; name = "Pods-TravelstartInterviewTests.release.xcconfig"; path = "Target Support Files/Pods-TravelstartInterviewTests/Pods-TravelstartInterviewTests.release.xcconfig"; sourceTree = "<group>"; };
		AE608FA403F6E1CC35994C69 /* Pods_TravelstartInterview.framework */ = {isa = PBXFileReference; explicitFileType = wrapper.framework; includeInIndex = 0; path = Pods_TravelstartInterview.framework; sourceTree = BUILT_PRODUCTS_DIR; };
		CCE9457238AD4A38BA8EB693 /* Pods-TravelstartInterviewTests.debug.xcconfig */ = {isa = PBXFileReference; includeInIndex = 1; lastKnownFileType = text.xcconfig; name = "Pods-TravelstartInterviewTests.debug.xcconfig"; path = "Target Support Files/Pods-TravelstartInterviewTests/Pods-TravelstartInterviewTests.debug.xcconfig"; sourceTree = "<group>"; };
/* End PBXFileReference section */

/* Begin PBXFrameworksBuildPhase section */
		037C867423691FDE0095AF57 /* Frameworks */ = {
			isa = PBXFrameworksBuildPhase;
			buildActionMask = 2147483647;
			files = (
				C18CDDB7F32DFD535684B5CC /* Pods_TravelstartInterview.framework in Frameworks */,
			);
			runOnlyForDeploymentPostprocessing = 0;
		};
		037C868A23691FDF0095AF57 /* Frameworks */ = {
			isa = PBXFrameworksBuildPhase;
			buildActionMask = 2147483647;
			files = (
				53E731687B4305D7DC5B7BC0 /* Pods_TravelstartInterviewTests.framework in Frameworks */,
			);
			runOnlyForDeploymentPostprocessing = 0;
		};
/* End PBXFrameworksBuildPhase section */

/* Begin PBXGroup section */
		03689FF0236DD22E008748D4 /* Third Party Wrapper */ = {
			isa = PBXGroup;
			children = (
				03689FEE236CB9D2008748D4 /* KingFisherWrapper.swift */,
				03689FF1236DD258008748D4 /* MJRefreshWrapper.swift */,
			);
			path = "Third Party Wrapper";
			sourceTree = "<group>";
		};
		03689FF3236ECE38008748D4 /* Lobby */ = {
			isa = PBXGroup;
			children = (
				037C86AB236C2BCD0095AF57 /* LobbyView.swift */,
				03FF1866236C3A1C000E700C /* LobbyTableViewCell.swift */,
				03689FEA236C9F99008748D4 /* ImageCollectionViewCell.swift */,
			);
			path = Lobby;
			sourceTree = "<group>";
		};
		03689FF4236ECE48008748D4 /* Detail */ = {
			isa = PBXGroup;
			children = (
				03689FF7236ECECA008748D4 /* DetailView.swift */,
				03689FFB236ED801008748D4 /* DetailTableViewCell.swift */,
				03689FFD236EEFDD008748D4 /* DetailTableView.swift */,
			);
			path = Detail;
			sourceTree = "<group>";
		};
		03689FF5236ECE7C008748D4 /* Lobby */ = {
			isa = PBXGroup;
			children = (
				037C869C2369209C0095AF57 /* LobbyViewController.swift */,
			);
			path = Lobby;
			sourceTree = "<group>";
		};
		03689FF6236ECE8E008748D4 /* Detail */ = {
			isa = PBXGroup;
			children = (
				037C869F236920BD0095AF57 /* DetailViewController.swift */,
			);
			path = Detail;
			sourceTree = "<group>";
		};
		037C866E23691FDE0095AF57 = {
			isa = PBXGroup;
			children = (
				037C867923691FDE0095AF57 /* TravelstartInterview */,
				037C869023691FDF0095AF57 /* TravelstartInterviewTests */,
				037C867823691FDE0095AF57 /* Products */,
				88A3C1005AED48C758438507 /* Pods */,
				62C1D95B0890B3B1830D435A /* Frameworks */,
			);
			sourceTree = "<group>";
		};
		037C867823691FDE0095AF57 /* Products */ = {
			isa = PBXGroup;
			children = (
				037C867723691FDE0095AF57 /* TravelstartInterview.app */,
				037C868D23691FDF0095AF57 /* TravelstartInterviewTests.xctest */,
			);
			name = Products;
			sourceTree = "<group>";
		};
		037C867923691FDE0095AF57 /* TravelstartInterview */ = {
			isa = PBXGroup;
			children = (
				03689FF0236DD22E008748D4 /* Third Party Wrapper */,
				03FF1865236C3937000E700C /* Extension */,
				037C86A1236922190095AF57 /* Model */,
				037C86AA236C2BAB0095AF57 /* View */,
				037C869E236920A40095AF57 /* Controller */,
				037C867A23691FDE0095AF57 /* AppDelegate.swift */,
				037C867C23691FDE0095AF57 /* SceneDelegate.swift */,
				037C868023691FDE0095AF57 /* Main.storyboard */,
				037C868523691FDF0095AF57 /* LaunchScreen.storyboard */,
				037C868323691FDF0095AF57 /* Assets.xcassets */,
				037C868823691FDF0095AF57 /* Info.plist */,
			);
			path = TravelstartInterview;
			sourceTree = "<group>";
		};
		037C869023691FDF0095AF57 /* TravelstartInterviewTests */ = {
			isa = PBXGroup;
			children = (
				037C869123691FDF0095AF57 /* TravelstartInterviewTests.swift */,
				037C869323691FDF0095AF57 /* Info.plist */,
			);
			path = TravelstartInterviewTests;
			sourceTree = "<group>";
		};
		037C869E236920A40095AF57 /* Controller */ = {
			isa = PBXGroup;
			children = (
				03689FF5236ECE7C008748D4 /* Lobby */,
				03689FF6236ECE8E008748D4 /* Detail */,
			);
			path = Controller;
			sourceTree = "<group>";
		};
		037C86A1236922190095AF57 /* Model */ = {
			isa = PBXGroup;
			children = (
				037C86A2236922320095AF57 /* DataManager.swift */,
				037C86A42369303B0095AF57 /* HTTPClient.swift */,
				037C86A8236C1FCF0095AF57 /* DataObject.swift */,
				03689FEC236CAEFC008748D4 /* FileSeparator.swift */,
				03FFFA3323713BB70063EDC7 /* NetworkHelper.swift */,
			);
			path = Model;
			sourceTree = "<group>";
		};
		037C86AA236C2BAB0095AF57 /* View */ = {
			isa = PBXGroup;
			children = (
				03689FF3236ECE38008748D4 /* Lobby */,
				03689FF4236ECE48008748D4 /* Detail */,
			);
			path = View;
			sourceTree = "<group>";
		};
		03FF1865236C3937000E700C /* Extension */ = {
			isa = PBXGroup;
			children = (
				037C86A6236C1CE20095AF57 /* Bundle+Extension.swift */,
				03689FF9236ED3D1008748D4 /* UIViewController+Extension.swift */,
			);
			path = Extension;
			sourceTree = "<group>";
		};
		62C1D95B0890B3B1830D435A /* Frameworks */ = {
			isa = PBXGroup;
			children = (
				AE608FA403F6E1CC35994C69 /* Pods_TravelstartInterview.framework */,
				875426678285C69B5A9D16A8 /* Pods_TravelstartInterviewTests.framework */,
			);
			name = Frameworks;
			sourceTree = "<group>";
		};
		88A3C1005AED48C758438507 /* Pods */ = {
			isa = PBXGroup;
			children = (
				12B38324A5AB2EBD4AE2BBEC /* Pods-TravelstartInterview.debug.xcconfig */,
				99D0551F9880F5DF4F4F246E /* Pods-TravelstartInterview.release.xcconfig */,
				CCE9457238AD4A38BA8EB693 /* Pods-TravelstartInterviewTests.debug.xcconfig */,
				9C685D4DACC69737C0D38186 /* Pods-TravelstartInterviewTests.release.xcconfig */,
			);
			path = Pods;
			sourceTree = "<group>";
		};
/* End PBXGroup section */

/* Begin PBXNativeTarget section */
		037C867623691FDE0095AF57 /* TravelstartInterview */ = {
			isa = PBXNativeTarget;
			buildConfigurationList = 037C869623691FDF0095AF57 /* Build configuration list for PBXNativeTarget "TravelstartInterview" */;
			buildPhases = (
				69E372B2E42DE87A04E98B50 /* [CP] Check Pods Manifest.lock */,
				037C867323691FDE0095AF57 /* Sources */,
				037C867423691FDE0095AF57 /* Frameworks */,
				037C867523691FDE0095AF57 /* Resources */,
				42DF6AD510177D2E59B85AE1 /* [CP] Embed Pods Frameworks */,
			);
			buildRules = (
			);
			dependencies = (
			);
			name = TravelstartInterview;
			productName = TravelstartInterview;
			productReference = 037C867723691FDE0095AF57 /* TravelstartInterview.app */;
			productType = "com.apple.product-type.application";
		};
		037C868C23691FDF0095AF57 /* TravelstartInterviewTests */ = {
			isa = PBXNativeTarget;
			buildConfigurationList = 037C869923691FDF0095AF57 /* Build configuration list for PBXNativeTarget "TravelstartInterviewTests" */;
			buildPhases = (
				EE5E9D2BA80B7EF0CD04FBE0 /* [CP] Check Pods Manifest.lock */,
				037C868923691FDF0095AF57 /* Sources */,
				037C868A23691FDF0095AF57 /* Frameworks */,
				037C868B23691FDF0095AF57 /* Resources */,
			);
			buildRules = (
			);
			dependencies = (
				037C868F23691FDF0095AF57 /* PBXTargetDependency */,
			);
			name = TravelstartInterviewTests;
			productName = TravelstartInterviewTests;
			productReference = 037C868D23691FDF0095AF57 /* TravelstartInterviewTests.xctest */;
			productType = "com.apple.product-type.bundle.unit-test";
		};
/* End PBXNativeTarget section */

/* Begin PBXProject section */
		037C866F23691FDE0095AF57 /* Project object */ = {
			isa = PBXProject;
			attributes = {
				LastSwiftUpdateCheck = 1100;
				LastUpgradeCheck = 1100;
				ORGANIZATIONNAME = "Sylvia Jia Fen ";
				TargetAttributes = {
					037C867623691FDE0095AF57 = {
						CreatedOnToolsVersion = 11.0;
					};
					037C868C23691FDF0095AF57 = {
						CreatedOnToolsVersion = 11.0;
						TestTargetID = 037C867623691FDE0095AF57;
					};
				};
			};
			buildConfigurationList = 037C867223691FDE0095AF57 /* Build configuration list for PBXProject "TravelstartInterview" */;
			compatibilityVersion = "Xcode 9.3";
			developmentRegion = en;
			hasScannedForEncodings = 0;
			knownRegions = (
				en,
				Base,
			);
			mainGroup = 037C866E23691FDE0095AF57;
			productRefGroup = 037C867823691FDE0095AF57 /* Products */;
			projectDirPath = "";
			projectRoot = "";
			targets = (
				037C867623691FDE0095AF57 /* TravelstartInterview */,
				037C868C23691FDF0095AF57 /* TravelstartInterviewTests */,
			);
		};
/* End PBXProject section */

/* Begin PBXResourcesBuildPhase section */
		037C867523691FDE0095AF57 /* Resources */ = {
			isa = PBXResourcesBuildPhase;
			buildActionMask = 2147483647;
			files = (
				037C868723691FDF0095AF57 /* LaunchScreen.storyboard in Resources */,
				037C868423691FDF0095AF57 /* Assets.xcassets in Resources */,
				037C868223691FDE0095AF57 /* Main.storyboard in Resources */,
			);
			runOnlyForDeploymentPostprocessing = 0;
		};
		037C868B23691FDF0095AF57 /* Resources */ = {
			isa = PBXResourcesBuildPhase;
			buildActionMask = 2147483647;
			files = (
			);
			runOnlyForDeploymentPostprocessing = 0;
		};
/* End PBXResourcesBuildPhase section */

/* Begin PBXShellScriptBuildPhase section */
		42DF6AD510177D2E59B85AE1 /* [CP] Embed Pods Frameworks */ = {
			isa = PBXShellScriptBuildPhase;
			buildActionMask = 2147483647;
			files = (
			);
			inputFileListPaths = (
				"${PODS_ROOT}/Target Support Files/Pods-TravelstartInterview/Pods-TravelstartInterview-frameworks-${CONFIGURATION}-input-files.xcfilelist",
			);
			name = "[CP] Embed Pods Frameworks";
			outputFileListPaths = (
				"${PODS_ROOT}/Target Support Files/Pods-TravelstartInterview/Pods-TravelstartInterview-frameworks-${CONFIGURATION}-output-files.xcfilelist",
			);
			runOnlyForDeploymentPostprocessing = 0;
			shellPath = /bin/sh;
			shellScript = "\"${PODS_ROOT}/Target Support Files/Pods-TravelstartInterview/Pods-TravelstartInterview-frameworks.sh\"\n";
			showEnvVarsInLog = 0;
		};
		69E372B2E42DE87A04E98B50 /* [CP] Check Pods Manifest.lock */ = {
			isa = PBXShellScriptBuildPhase;
			buildActionMask = 2147483647;
			files = (
			);
			inputFileListPaths = (
			);
			inputPaths = (
				"${PODS_PODFILE_DIR_PATH}/Podfile.lock",
				"${PODS_ROOT}/Manifest.lock",
			);
			name = "[CP] Check Pods Manifest.lock";
			outputFileListPaths = (
			);
			outputPaths = (
				"$(DERIVED_FILE_DIR)/Pods-TravelstartInterview-checkManifestLockResult.txt",
			);
			runOnlyForDeploymentPostprocessing = 0;
			shellPath = /bin/sh;
			shellScript = "diff \"${PODS_PODFILE_DIR_PATH}/Podfile.lock\" \"${PODS_ROOT}/Manifest.lock\" > /dev/null\nif [ $? != 0 ] ; then\n    # print error to STDERR\n    echo \"error: The sandbox is not in sync with the Podfile.lock. Run 'pod install' or update your CocoaPods installation.\" >&2\n    exit 1\nfi\n# This output is used by Xcode 'outputs' to avoid re-running this script phase.\necho \"SUCCESS\" > \"${SCRIPT_OUTPUT_FILE_0}\"\n";
			showEnvVarsInLog = 0;
		};
		EE5E9D2BA80B7EF0CD04FBE0 /* [CP] Check Pods Manifest.lock */ = {
			isa = PBXShellScriptBuildPhase;
			buildActionMask = 2147483647;
			files = (
			);
			inputFileListPaths = (
			);
			inputPaths = (
				"${PODS_PODFILE_DIR_PATH}/Podfile.lock",
				"${PODS_ROOT}/Manifest.lock",
			);
			name = "[CP] Check Pods Manifest.lock";
			outputFileListPaths = (
			);
			outputPaths = (
				"$(DERIVED_FILE_DIR)/Pods-TravelstartInterviewTests-checkManifestLockResult.txt",
			);
			runOnlyForDeploymentPostprocessing = 0;
			shellPath = /bin/sh;
			shellScript = "diff \"${PODS_PODFILE_DIR_PATH}/Podfile.lock\" \"${PODS_ROOT}/Manifest.lock\" > /dev/null\nif [ $? != 0 ] ; then\n    # print error to STDERR\n    echo \"error: The sandbox is not in sync with the Podfile.lock. Run 'pod install' or update your CocoaPods installation.\" >&2\n    exit 1\nfi\n# This output is used by Xcode 'outputs' to avoid re-running this script phase.\necho \"SUCCESS\" > \"${SCRIPT_OUTPUT_FILE_0}\"\n";
			showEnvVarsInLog = 0;
		};
/* End PBXShellScriptBuildPhase section */

/* Begin PBXSourcesBuildPhase section */
		037C867323691FDE0095AF57 /* Sources */ = {
			isa = PBXSourcesBuildPhase;
			buildActionMask = 2147483647;
			files = (
				03689FFA236ED3D1008748D4 /* UIViewController+Extension.swift in Sources */,
				03689FFC236ED801008748D4 /* DetailTableViewCell.swift in Sources */,
				03689FF2236DD258008748D4 /* MJRefreshWrapper.swift in Sources */,
				037C867B23691FDE0095AF57 /* AppDelegate.swift in Sources */,
				03689FEB236C9F99008748D4 /* ImageCollectionViewCell.swift in Sources */,
				037C86A7236C1CE20095AF57 /* Bundle+Extension.swift in Sources */,
				037C86AC236C2BCD0095AF57 /* LobbyView.swift in Sources */,
				037C86A3236922320095AF57 /* DataManager.swift in Sources */,
				03689FEF236CB9D2008748D4 /* KingFisherWrapper.swift in Sources */,
				03FFFA3423713BB70063EDC7 /* NetworkHelper.swift in Sources */,
				037C86A52369303B0095AF57 /* HTTPClient.swift in Sources */,
				037C86A9236C1FCF0095AF57 /* DataObject.swift in Sources */,
				03689FED236CAEFC008748D4 /* FileSeparator.swift in Sources */,
				03689FFE236EEFDD008748D4 /* DetailTableView.swift in Sources */,
				03FF1867236C3A1C000E700C /* LobbyTableViewCell.swift in Sources */,
				037C867D23691FDE0095AF57 /* SceneDelegate.swift in Sources */,
				037C869D2369209C0095AF57 /* LobbyViewController.swift in Sources */,
				03689FF8236ECECA008748D4 /* DetailView.swift in Sources */,
				037C86A0236920BD0095AF57 /* DetailViewController.swift in Sources */,
			);
			runOnlyForDeploymentPostprocessing = 0;
		};
		037C868923691FDF0095AF57 /* Sources */ = {
			isa = PBXSourcesBuildPhase;
			buildActionMask = 2147483647;
			files = (
				037C869223691FDF0095AF57 /* TravelstartInterviewTests.swift in Sources */,
			);
			runOnlyForDeploymentPostprocessing = 0;
		};
/* End PBXSourcesBuildPhase section */

/* Begin PBXTargetDependency section */
		037C868F23691FDF0095AF57 /* PBXTargetDependency */ = {
			isa = PBXTargetDependency;
			target = 037C867623691FDE0095AF57 /* TravelstartInterview */;
			targetProxy = 037C868E23691FDF0095AF57 /* PBXContainerItemProxy */;
		};
/* End PBXTargetDependency section */

/* Begin PBXVariantGroup section */
		037C868023691FDE0095AF57 /* Main.storyboard */ = {
			isa = PBXVariantGroup;
			children = (
				037C868123691FDE0095AF57 /* Base */,
			);
			name = Main.storyboard;
			sourceTree = "<group>";
		};
		037C868523691FDF0095AF57 /* LaunchScreen.storyboard */ = {
			isa = PBXVariantGroup;
			children = (
				037C868623691FDF0095AF57 /* Base */,
			);
			name = LaunchScreen.storyboard;
			sourceTree = "<group>";
		};
/* End PBXVariantGroup section */

/* Begin XCBuildConfiguration section */
		037C869423691FDF0095AF57 /* Debug */ = {
			isa = XCBuildConfiguration;
			buildSettings = {
				ALWAYS_SEARCH_USER_PATHS = NO;
				CLANG_ANALYZER_NONNULL = YES;
				CLANG_ANALYZER_NUMBER_OBJECT_CONVERSION = YES_AGGRESSIVE;
				CLANG_CXX_LANGUAGE_STANDARD = "gnu++14";
				CLANG_CXX_LIBRARY = "libc++";
				CLANG_ENABLE_MODULES = YES;
				CLANG_ENABLE_OBJC_ARC = YES;
				CLANG_ENABLE_OBJC_WEAK = YES;
				CLANG_WARN_BLOCK_CAPTURE_AUTORELEASING = YES;
				CLANG_WARN_BOOL_CONVERSION = YES;
				CLANG_WARN_COMMA = YES;
				CLANG_WARN_CONSTANT_CONVERSION = YES;
				CLANG_WARN_DEPRECATED_OBJC_IMPLEMENTATIONS = YES;
				CLANG_WARN_DIRECT_OBJC_ISA_USAGE = YES_ERROR;
				CLANG_WARN_DOCUMENTATION_COMMENTS = YES;
				CLANG_WARN_EMPTY_BODY = YES;
				CLANG_WARN_ENUM_CONVERSION = YES;
				CLANG_WARN_INFINITE_RECURSION = YES;
				CLANG_WARN_INT_CONVERSION = YES;
				CLANG_WARN_NON_LITERAL_NULL_CONVERSION = YES;
				CLANG_WARN_OBJC_IMPLICIT_RETAIN_SELF = YES;
				CLANG_WARN_OBJC_LITERAL_CONVERSION = YES;
				CLANG_WARN_OBJC_ROOT_CLASS = YES_ERROR;
				CLANG_WARN_RANGE_LOOP_ANALYSIS = YES;
				CLANG_WARN_STRICT_PROTOTYPES = YES;
				CLANG_WARN_SUSPICIOUS_MOVE = YES;
				CLANG_WARN_UNGUARDED_AVAILABILITY = YES_AGGRESSIVE;
				CLANG_WARN_UNREACHABLE_CODE = YES;
				CLANG_WARN__DUPLICATE_METHOD_MATCH = YES;
				COPY_PHASE_STRIP = NO;
				DEBUG_INFORMATION_FORMAT = dwarf;
				ENABLE_STRICT_OBJC_MSGSEND = YES;
				ENABLE_TESTABILITY = YES;
				GCC_C_LANGUAGE_STANDARD = gnu11;
				GCC_DYNAMIC_NO_PIC = NO;
				GCC_NO_COMMON_BLOCKS = YES;
				GCC_OPTIMIZATION_LEVEL = 0;
				GCC_PREPROCESSOR_DEFINITIONS = (
					"DEBUG=1",
					"$(inherited)",
				);
				GCC_WARN_64_TO_32_BIT_CONVERSION = YES;
				GCC_WARN_ABOUT_RETURN_TYPE = YES_ERROR;
				GCC_WARN_UNDECLARED_SELECTOR = YES;
				GCC_WARN_UNINITIALIZED_AUTOS = YES_AGGRESSIVE;
				GCC_WARN_UNUSED_FUNCTION = YES;
				GCC_WARN_UNUSED_VARIABLE = YES;
				IPHONEOS_DEPLOYMENT_TARGET = 13.0;
				MTL_ENABLE_DEBUG_INFO = INCLUDE_SOURCE;
				MTL_FAST_MATH = YES;
				ONLY_ACTIVE_ARCH = YES;
				SDKROOT = iphoneos;
				SWIFT_ACTIVE_COMPILATION_CONDITIONS = DEBUG;
				SWIFT_OPTIMIZATION_LEVEL = "-Onone";
			};
			name = Debug;
		};
		037C869523691FDF0095AF57 /* Release */ = {
			isa = XCBuildConfiguration;
			buildSettings = {
				ALWAYS_SEARCH_USER_PATHS = NO;
				CLANG_ANALYZER_NONNULL = YES;
				CLANG_ANALYZER_NUMBER_OBJECT_CONVERSION = YES_AGGRESSIVE;
				CLANG_CXX_LANGUAGE_STANDARD = "gnu++14";
				CLANG_CXX_LIBRARY = "libc++";
				CLANG_ENABLE_MODULES = YES;
				CLANG_ENABLE_OBJC_ARC = YES;
				CLANG_ENABLE_OBJC_WEAK = YES;
				CLANG_WARN_BLOCK_CAPTURE_AUTORELEASING = YES;
				CLANG_WARN_BOOL_CONVERSION = YES;
				CLANG_WARN_COMMA = YES;
				CLANG_WARN_CONSTANT_CONVERSION = YES;
				CLANG_WARN_DEPRECATED_OBJC_IMPLEMENTATIONS = YES;
				CLANG_WARN_DIRECT_OBJC_ISA_USAGE = YES_ERROR;
				CLANG_WARN_DOCUMENTATION_COMMENTS = YES;
				CLANG_WARN_EMPTY_BODY = YES;
				CLANG_WARN_ENUM_CONVERSION = YES;
				CLANG_WARN_INFINITE_RECURSION = YES;
				CLANG_WARN_INT_CONVERSION = YES;
				CLANG_WARN_NON_LITERAL_NULL_CONVERSION = YES;
				CLANG_WARN_OBJC_IMPLICIT_RETAIN_SELF = YES;
				CLANG_WARN_OBJC_LITERAL_CONVERSION = YES;
				CLANG_WARN_OBJC_ROOT_CLASS = YES_ERROR;
				CLANG_WARN_RANGE_LOOP_ANALYSIS = YES;
				CLANG_WARN_STRICT_PROTOTYPES = YES;
				CLANG_WARN_SUSPICIOUS_MOVE = YES;
				CLANG_WARN_UNGUARDED_AVAILABILITY = YES_AGGRESSIVE;
				CLANG_WARN_UNREACHABLE_CODE = YES;
				CLANG_WARN__DUPLICATE_METHOD_MATCH = YES;
				COPY_PHASE_STRIP = NO;
				DEBUG_INFORMATION_FORMAT = "dwarf-with-dsym";
				ENABLE_NS_ASSERTIONS = NO;
				ENABLE_STRICT_OBJC_MSGSEND = YES;
				GCC_C_LANGUAGE_STANDARD = gnu11;
				GCC_NO_COMMON_BLOCKS = YES;
				GCC_WARN_64_TO_32_BIT_CONVERSION = YES;
				GCC_WARN_ABOUT_RETURN_TYPE = YES_ERROR;
				GCC_WARN_UNDECLARED_SELECTOR = YES;
				GCC_WARN_UNINITIALIZED_AUTOS = YES_AGGRESSIVE;
				GCC_WARN_UNUSED_FUNCTION = YES;
				GCC_WARN_UNUSED_VARIABLE = YES;
				IPHONEOS_DEPLOYMENT_TARGET = 13.0;
				MTL_ENABLE_DEBUG_INFO = NO;
				MTL_FAST_MATH = YES;
				SDKROOT = iphoneos;
				SWIFT_COMPILATION_MODE = wholemodule;
				SWIFT_OPTIMIZATION_LEVEL = "-O";
				VALIDATE_PRODUCT = YES;
			};
			name = Release;
		};
		037C869723691FDF0095AF57 /* Debug */ = {
			isa = XCBuildConfiguration;
			baseConfigurationReference = 12B38324A5AB2EBD4AE2BBEC /* Pods-TravelstartInterview.debug.xcconfig */;
			buildSettings = {
				ASSETCATALOG_COMPILER_APPICON_NAME = AppIcon;
				CODE_SIGN_STYLE = Automatic;
				DEVELOPMENT_TEAM = 2MN93DQ7G3;
				INFOPLIST_FILE = TravelstartInterview/Info.plist;
				IPHONEOS_DEPLOYMENT_TARGET = 12.0;
				LD_RUNPATH_SEARCH_PATHS = (
					"$(inherited)",
					"@executable_path/Frameworks",
				);
				PRODUCT_BUNDLE_IDENTIFIER = com.mycompany.TravelstartInterview;
				PRODUCT_NAME = "$(TARGET_NAME)";
				SWIFT_VERSION = 5.0;
				TARGETED_DEVICE_FAMILY = "1,2";
			};
			name = Debug;
		};
		037C869823691FDF0095AF57 /* Release */ = {
			isa = XCBuildConfiguration;
			baseConfigurationReference = 99D0551F9880F5DF4F4F246E /* Pods-TravelstartInterview.release.xcconfig */;
			buildSettings = {
				ASSETCATALOG_COMPILER_APPICON_NAME = AppIcon;
				CODE_SIGN_STYLE = Automatic;
				DEVELOPMENT_TEAM = 2MN93DQ7G3;
				INFOPLIST_FILE = TravelstartInterview/Info.plist;
				IPHONEOS_DEPLOYMENT_TARGET = 12.0;
				LD_RUNPATH_SEARCH_PATHS = (
					"$(inherited)",
					"@executable_path/Frameworks",
				);
				PRODUCT_BUNDLE_IDENTIFIER = com.mycompany.TravelstartInterview;
				PRODUCT_NAME = "$(TARGET_NAME)";
				SWIFT_VERSION = 5.0;
				TARGETED_DEVICE_FAMILY = "1,2";
			};
			name = Release;
		};
		037C869A23691FDF0095AF57 /* Debug */ = {
			isa = XCBuildConfiguration;
			baseConfigurationReference = CCE9457238AD4A38BA8EB693 /* Pods-TravelstartInterviewTests.debug.xcconfig */;
			buildSettings = {
				ALWAYS_EMBED_SWIFT_STANDARD_LIBRARIES = YES;
				BUNDLE_LOADER = "$(TEST_HOST)";
				CODE_SIGN_STYLE = Automatic;
				INFOPLIST_FILE = TravelstartInterviewTests/Info.plist;
				IPHONEOS_DEPLOYMENT_TARGET = 13.0;
				LD_RUNPATH_SEARCH_PATHS = (
					"$(inherited)",
					"@executable_path/Frameworks",
					"@loader_path/Frameworks",
				);
				PRODUCT_BUNDLE_IDENTIFIER = com.mycompany.TravelstartInterviewTests;
				PRODUCT_NAME = "$(TARGET_NAME)";
				SWIFT_VERSION = 5.0;
				TARGETED_DEVICE_FAMILY = "1,2";
				TEST_HOST = "$(BUILT_PRODUCTS_DIR)/TravelstartInterview.app/TravelstartInterview";
			};
			name = Debug;
		};
		037C869B23691FDF0095AF57 /* Release */ = {
			isa = XCBuildConfiguration;
			baseConfigurationReference = 9C685D4DACC69737C0D38186 /* Pods-TravelstartInterviewTests.release.xcconfig */;
			buildSettings = {
				ALWAYS_EMBED_SWIFT_STANDARD_LIBRARIES = YES;
				BUNDLE_LOADER = "$(TEST_HOST)";
				CODE_SIGN_STYLE = Automatic;
				INFOPLIST_FILE = TravelstartInterviewTests/Info.plist;
				IPHONEOS_DEPLOYMENT_TARGET = 13.0;
				LD_RUNPATH_SEARCH_PATHS = (
					"$(inherited)",
					"@executable_path/Frameworks",
					"@loader_path/Frameworks",
				);
				PRODUCT_BUNDLE_IDENTIFIER = com.mycompany.TravelstartInterviewTests;
				PRODUCT_NAME = "$(TARGET_NAME)";
				SWIFT_VERSION = 5.0;
				TARGETED_DEVICE_FAMILY = "1,2";
				TEST_HOST = "$(BUILT_PRODUCTS_DIR)/TravelstartInterview.app/TravelstartInterview";
			};
			name = Release;
		};
/* End XCBuildConfiguration section */

/* Begin XCConfigurationList section */
		037C867223691FDE0095AF57 /* Build configuration list for PBXProject "TravelstartInterview" */ = {
			isa = XCConfigurationList;
			buildConfigurations = (
				037C869423691FDF0095AF57 /* Debug */,
				037C869523691FDF0095AF57 /* Release */,
			);
			defaultConfigurationIsVisible = 0;
			defaultConfigurationName = Release;
		};
		037C869623691FDF0095AF57 /* Build configuration list for PBXNativeTarget "TravelstartInterview" */ = {
			isa = XCConfigurationList;
			buildConfigurations = (
				037C869723691FDF0095AF57 /* Debug */,
				037C869823691FDF0095AF57 /* Release */,
			);
			defaultConfigurationIsVisible = 0;
			defaultConfigurationName = Release;
		};
		037C869923691FDF0095AF57 /* Build configuration list for PBXNativeTarget "TravelstartInterviewTests" */ = {
			isa = XCConfigurationList;
			buildConfigurations = (
				037C869A23691FDF0095AF57 /* Debug */,
				037C869B23691FDF0095AF57 /* Release */,
			);
			defaultConfigurationIsVisible = 0;
			defaultConfigurationName = Release;
		};
/* End XCConfigurationList section */
	};
	rootObject = 037C866F23691FDE0095AF57 /* Project object */;
}
